
Microsoft Visual Studio Solution File, Format Version 12.00
# Visual Studio Version 16
VisualStudioVersion = 16.0.31624.102
MinimumVisualStudioVersion = 10.0.40219.1
Project("{FAE04EC0-301F-11D3-BF4B-00C04F79EFBC}") = "TestAdvanced", "TestAdvanced.csproj", "{0AC07841-E146-46A0-8BD7-C55131703FB9}"
EndProject
Global
	GlobalSection(SolutionConfigurationPlatforms) = preSolution
		Debug|Any CPU = Debug|Any CPU
		Release|Any CPU = Release|Any CPU
	EndGlobalSection
	GlobalSection(ProjectConfigurationPlatforms) = postSolution
		{0AC07841-E146-46A0-8BD7-C55131703FB9}.Debug|Any CPU.ActiveCfg = Debug|Any CPU
		{0AC07841-E146-46A0-8BD7-C55131703FB9}.Debug|Any CPU.Build.0 = Debug|Any CPU
		{0AC07841-E146-46A0-8BD7-C55131703FB9}.Release|Any CPU.ActiveCfg = Release|Any CPU
		{0AC07841-E146-46A0-8BD7-C55131703FB9}.Release|Any CPU.Build.0 = Release|Any CPU
	EndGlobalSection
	GlobalSection(SolutionProperties) = preSolution
		HideSolutionNode = FALSE
	EndGlobalSection
	GlobalSection(ExtensibilityGlobals) = postSolution
		SolutionGuid = {C8BF02A2-2266-4E73-9959-82ED235DAF99}
	EndGlobalSection
EndGlobal
